// !$*UTF8*$!
{
	archiveVersion = 1;
	classes = {
	};
	objectVersion = 46;
	objects = {

/* Begin PBXBuildFile section */
		40E2B42E1CE854CA0007E82F /* AppDelegate.swift in Sources */ = {isa = PBXBuildFile; fileRef = 40E2B42D1CE854CA0007E82F /* AppDelegate.swift */; };
		40E2B4331CE854CA0007E82F /* Main.storyboard in Resources */ = {isa = PBXBuildFile; fileRef = 40E2B4311CE854CA0007E82F /* Main.storyboard */; };
		40E2B4361CE854CA0007E82F /* TrainingApp1.xcdatamodeld in Sources */ = {isa = PBXBuildFile; fileRef = 40E2B4341CE854CA0007E82F /* TrainingApp1.xcdatamodeld */; };
		40E2B4381CE854CA0007E82F /* Assets.xcassets in Resources */ = {isa = PBXBuildFile; fileRef = 40E2B4371CE854CA0007E82F /* Assets.xcassets */; };
		40E2B43B1CE854CA0007E82F /* LaunchScreen.storyboard in Resources */ = {isa = PBXBuildFile; fileRef = 40E2B4391CE854CA0007E82F /* LaunchScreen.storyboard */; };
		799227221CF4BA3800587725 /* ModelData.swift in Sources */ = {isa = PBXBuildFile; fileRef = 799227211CF4BA3800587725 /* ModelData.swift */; };
		79DC734A1CF5F8D300EE8B8C /* DetailsViewController.swift in Sources */ = {isa = PBXBuildFile; fileRef = 79DC73481CF5F8D300EE8B8C /* DetailsViewController.swift */; };
		79DC734B1CF5F8D300EE8B8C /* ViewController.swift in Sources */ = {isa = PBXBuildFile; fileRef = 79DC73491CF5F8D300EE8B8C /* ViewController.swift */; };
		79DC734D1CF5F90C00EE8B8C /* Model.swift in Sources */ = {isa = PBXBuildFile; fileRef = 79DC734C1CF5F90C00EE8B8C /* Model.swift */; };
/* End PBXBuildFile section */

/* Begin PBXFileReference section */
		40E2B42A1CE854CA0007E82F /* TrainingApp1.app */ = {isa = PBXFileReference; explicitFileType = wrapper.application; includeInIndex = 0; path = TrainingApp1.app; sourceTree = BUILT_PRODUCTS_DIR; };
		40E2B42D1CE854CA0007E82F /* AppDelegate.swift */ = {isa = PBXFileReference; lastKnownFileType = sourcecode.swift; path = AppDelegate.swift; sourceTree = "<group>"; };
		40E2B4321CE854CA0007E82F /* Base */ = {isa = PBXFileReference; lastKnownFileType = file.storyboard; name = Base; path = Base.lproj/Main.storyboard; sourceTree = "<group>"; };
		40E2B4351CE854CA0007E82F /* TrainingApp1.xcdatamodel */ = {isa = PBXFileReference; lastKnownFileType = wrapper.xcdatamodel; path = TrainingApp1.xcdatamodel; sourceTree = "<group>"; };
		40E2B4371CE854CA0007E82F /* Assets.xcassets */ = {isa = PBXFileReference; lastKnownFileType = folder.assetcatalog; path = Assets.xcassets; sourceTree = "<group>"; };
		40E2B43A1CE854CA0007E82F /* Base */ = {isa = PBXFileReference; lastKnownFileType = file.storyboard; name = Base; path = Base.lproj/LaunchScreen.storyboard; sourceTree = "<group>"; };
		40E2B43C1CE854CA0007E82F /* Info.plist */ = {isa = PBXFileReference; lastKnownFileType = text.plist.xml; path = Info.plist; sourceTree = "<group>"; };
		799227211CF4BA3800587725 /* ModelData.swift */ = {isa = PBXFileReference; fileEncoding = 4; lastKnownFileType = sourcecode.swift; path = ModelData.swift; sourceTree = "<group>"; };
		79DC73481CF5F8D300EE8B8C /* DetailsViewController.swift */ = {isa = PBXFileReference; fileEncoding = 4; lastKnownFileType = sourcecode.swift; path = DetailsViewController.swift; sourceTree = "<group>"; };
		79DC73491CF5F8D300EE8B8C /* ViewController.swift */ = {isa = PBXFileReference; fileEncoding = 4; lastKnownFileType = sourcecode.swift; path = ViewController.swift; sourceTree = "<group>"; };
		79DC734C1CF5F90C00EE8B8C /* Model.swift */ = {isa = PBXFileReference; fileEncoding = 4; lastKnownFileType = sourcecode.swift; path = Model.swift; sourceTree = "<group>"; };
/* End PBXFileReference section */

/* Begin PBXFrameworksBuildPhase section */
		40E2B4271CE854CA0007E82F /* Frameworks */ = {
			isa = PBXFrameworksBuildPhase;
			buildActionMask = 2147483647;
			files = (
			);
			runOnlyForDeploymentPostprocessing = 0;
		};
/* End PBXFrameworksBuildPhase section */

/* Begin PBXGroup section */
		40E2B4211CE854CA0007E82F = {
			isa = PBXGroup;
			children = (
				40E2B42C1CE854CA0007E82F /* TrainingApp1 */,
				40E2B42B1CE854CA0007E82F /* Products */,
			);
			sourceTree = "<group>";
		};
		40E2B42B1CE854CA0007E82F /* Products */ = {
			isa = PBXGroup;
			children = (
				40E2B42A1CE854CA0007E82F /* TrainingApp1.app */,
			);
			name = Products;
			sourceTree = "<group>";
		};
		40E2B42C1CE854CA0007E82F /* TrainingApp1 */ = {
			isa = PBXGroup;
			children = (
				79DC73471CF5F8D300EE8B8C /* Controller */,
				799227201CF4BA1C00587725 /* Model */,
				40E2B42D1CE854CA0007E82F /* AppDelegate.swift */,
				40E2B4311CE854CA0007E82F /* Main.storyboard */,
				40E2B4371CE854CA0007E82F /* Assets.xcassets */,
				40E2B4391CE854CA0007E82F /* LaunchScreen.storyboard */,
				40E2B43C1CE854CA0007E82F /* Info.plist */,
				40E2B4341CE854CA0007E82F /* TrainingApp1.xcdatamodeld */,
			);
			path = TrainingApp1;
			sourceTree = "<group>";
		};
		799227201CF4BA1C00587725 /* Model */ = {
			isa = PBXGroup;
			children = (
				79DC734C1CF5F90C00EE8B8C /* Model.swift */,
				799227211CF4BA3800587725 /* ModelData.swift */,
			);
			path = Model;
			sourceTree = "<group>";
		};
		79DC73471CF5F8D300EE8B8C /* Controller */ = {
			isa = PBXGroup;
			children = (
				79DC73481CF5F8D300EE8B8C /* DetailsViewController.swift */,
				79DC73491CF5F8D300EE8B8C /* ViewController.swift */,
			);
			path = Controller;
			sourceTree = "<group>";
		};
/* End PBXGroup section */

/* Begin PBXNativeTarget section */
		40E2B4291CE854CA0007E82F /* TrainingApp1 */ = {
			isa = PBXNativeTarget;
			buildConfigurationList = 40E2B43F1CE854CA0007E82F /* Build configuration list for PBXNativeTarget "TrainingApp1" */;
			buildPhases = (
				40E2B4261CE854CA0007E82F /* Sources */,
				40E2B4271CE854CA0007E82F /* Frameworks */,
				40E2B4281CE854CA0007E82F /* Resources */,
			);
			buildRules = (
			);
			dependencies = (
			);
			name = TrainingApp1;
			productName = TrainingApp1;
			productReference = 40E2B42A1CE854CA0007E82F /* TrainingApp1.app */;
			productType = "com.apple.product-type.application";
		};
/* End PBXNativeTarget section */

/* Begin PBXProject section */
		40E2B4221CE854CA0007E82F /* Project object */ = {
			isa = PBXProject;
			attributes = {
				LastSwiftUpdateCheck = 0730;
				LastUpgradeCheck = 0730;
				ORGANIZATIONNAME = AwpSpace;
				TargetAttributes = {
					40E2B4291CE854CA0007E82F = {
						CreatedOnToolsVersion = 7.3.1;
						DevelopmentTeam = G97F3K8V6M;
					};
				};
			};
			buildConfigurationList = 40E2B4251CE854CA0007E82F /* Build configuration list for PBXProject "TrainingApp1" */;
			compatibilityVersion = "Xcode 3.2";
			developmentRegion = English;
			hasScannedForEncodings = 0;
			knownRegions = (
				en,
				Base,
			);
			mainGroup = 40E2B4211CE854CA0007E82F;
			productRefGroup = 40E2B42B1CE854CA0007E82F /* Products */;
			projectDirPath = "";
			projectRoot = "";
			targets = (
				40E2B4291CE854CA0007E82F /* TrainingApp1 */,
			);
		};
/* End PBXProject section */

/* Begin PBXResourcesBuildPhase section */
		40E2B4281CE854CA0007E82F /* Resources */ = {
			isa = PBXResourcesBuildPhase;
			buildActionMask = 2147483647;
			files = (
				40E2B43B1CE854CA0007E82F /* LaunchScreen.storyboard in Resources */,
				40E2B4381CE854CA0007E82F /* Assets.xcassets in Resources */,
				40E2B4331CE854CA0007E82F /* Main.storyboard in Resources */,
			);
			runOnlyForDeploymentPostprocessing = 0;
		};
/* End PBXResourcesBuildPhase section */

/* Begin PBXSourcesBuildPhase section */
		40E2B4261CE854CA0007E82F /* Sources */ = {
			isa = PBXSourcesBuildPhase;
			buildActionMask = 2147483647;
			files = (
				40E2B4361CE854CA0007E82F /* TrainingApp1.xcdatamodeld in Sources */,
				40E2B42E1CE854CA0007E82F /* AppDelegate.swift in Sources */,
				79DC734A1CF5F8D300EE8B8C /* DetailsViewController.swift in Sources */,
				79DC734D1CF5F90C00EE8B8C /* Model.swift in Sources */,
				79DC734B1CF5F8D300EE8B8C /* ViewController.swift in Sources */,
				799227221CF4BA3800587725 /* ModelData.swift in Sources */,
			);
			runOnlyForDeploymentPostprocessing = 0;
		};
/* End PBXSourcesBuildPhase section */

/* Begin PBXVariantGroup section */
		40E2B4311CE854CA0007E82F /* Main.storyboard */ = {
			isa = PBXVariantGroup;
			children = (
				40E2B4321CE854CA0007E82F /* Base */,
			);
			name = Main.storyboard;
			sourceTree = "<group>";
		};
		40E2B4391CE854CA0007E82F /* LaunchScreen.storyboard */ = {
			isa = PBXVariantGroup;
			children = (
				40E2B43A1CE854CA0007E82F /* Base */,
			);
			name = LaunchScreen.storyboard;
			sourceTree = "<group>";
		};
/* End PBXVariantGroup section */

/* Begin XCBuildConfiguration section */
		40E2B43D1CE854CA0007E82F /* Debug */ = {
			isa = XCBuildConfiguration;
			buildSettings = {
				ALWAYS_SEARCH_USER_PATHS = NO;
				CLANG_ANALYZER_NONNULL = YES;
				CLANG_CXX_LANGUAGE_STANDARD = "gnu++0x";
				CLANG_CXX_LIBRARY = "libc++";
				CLANG_ENABLE_MODULES = YES;
				CLANG_ENABLE_OBJC_ARC = YES;
				CLANG_WARN_BOOL_CONVERSION = YES;
				CLANG_WARN_CONSTANT_CONVERSION = YES;
				CLANG_WARN_DIRECT_OBJC_ISA_USAGE = YES_ERROR;
				CLANG_WARN_EMPTY_BODY = YES;
				CLANG_WARN_ENUM_CONVERSION = YES;
				CLANG_WARN_INT_CONVERSION = YES;
				CLANG_WARN_OBJC_ROOT_CLASS = YES_ERROR;
				CLANG_WARN_UNREACHABLE_CODE = YES;
				CLANG_WARN__DUPLICATE_METHOD_MATCH = YES;
				"CODE_SIGN_IDENTITY[sdk=iphoneos*]" = "iPhone Developer";
				COPY_PHASE_STRIP = NO;
				DEBUG_INFORMATION_FORMAT = dwarf;
				ENABLE_STRICT_OBJC_MSGSEND = YES;
				ENABLE_TESTABILITY = YES;
				GCC_C_LANGUAGE_STANDARD = gnu99;
				GCC_DYNAMIC_NO_PIC = NO;
				GCC_NO_COMMON_BLOCKS = YES;
				GCC_OPTIMIZATION_LEVEL = 0;
				GCC_PREPROCESSOR_DEFINITIONS = (
					"DEBUG=1",
					"$(inherited)",
				);
				GCC_WARN_64_TO_32_BIT_CONVERSION = YES;
				GCC_WARN_ABOUT_RETURN_TYPE = YES_ERROR;
				GCC_WARN_UNDECLARED_SELECTOR = YES;
				GCC_WARN_UNINITIALIZED_AUTOS = YES_AGGRESSIVE;
				GCC_WARN_UNUSED_FUNCTION = YES;
				GCC_WARN_UNUSED_VARIABLE = YES;
				IPHONEOS_DEPLOYMENT_TARGET = 9.3;
				MTL_ENABLE_DEBUG_INFO = YES;
				ONLY_ACTIVE_ARCH = YES;
				SDKROOT = iphoneos;
				SWIFT_OPTIMIZATION_LEVEL = "-Onone";
			};
			name = Debug;
		};
		40E2B43E1CE854CA0007E82F /* Release */ = {
			isa = XCBuildConfiguration;
			buildSettings = {
				ALWAYS_SEARCH_USER_PATHS = NO;
				CLANG_ANALYZER_NONNULL = YES;
				CLANG_CXX_LANGUAGE_STANDARD = "gnu++0x";
				CLANG_CXX_LIBRARY = "libc++";
				CLANG_ENABLE_MODULES = YES;
				CLANG_ENABLE_OBJC_ARC = YES;
				CLANG_WARN_BOOL_CONVERSION = YES;
				CLANG_WARN_CONSTANT_CONVERSION = YES;
				CLANG_WARN_DIRECT_OBJC_ISA_USAGE = YES_ERROR;
				CLANG_WARN_EMPTY_BODY = YES;
				CLANG_WARN_ENUM_CONVERSION = YES;
				CLANG_WARN_INT_CONVERSION = YES;
				CLANG_WARN_OBJC_ROOT_CLASS = YES_ERROR;
				CLANG_WARN_UNREACHABLE_CODE = YES;
				CLANG_WARN__DUPLICATE_METHOD_MATCH = YES;
				"CODE_SIGN_IDENTITY[sdk=iphoneos*]" = "iPhone Developer";
				COPY_PHASE_STRIP = NO;
				DEBUG_INFORMATION_FORMAT = "dwarf-with-dsym";
				ENABLE_NS_ASSERTIONS = NO;
				ENABLE_STRICT_OBJC_MSGSEND = YES;
				GCC_C_LANGUAGE_STANDARD = gnu99;
				GCC_NO_COMMON_BLOCKS = YES;
				GCC_WARN_64_TO_32_BIT_CONVERSION = YES;
				GCC_WARN_ABOUT_RETURN_TYPE = YES_ERROR;
				GCC_WARN_UNDECLARED_SELECTOR = YES;
				GCC_WARN_UNINITIALIZED_AUTOS = YES_AGGRESSIVE;
				GCC_WARN_UNUSED_FUNCTION = YES;
				GCC_WARN_UNUSED_VARIABLE = YES;
				IPHONEOS_DEPLOYMENT_TARGET = 9.3;
				MTL_ENABLE_DEBUG_INFO = NO;
				SDKROOT = iphoneos;
				VALIDATE_PRODUCT = YES;
			};
			name = Release;
		};
		40E2B4401CE854CA0007E82F /* Debug */ = {
			isa = XCBuildConfiguration;
			buildSettings = {
				ASSETCATALOG_COMPILER_APPICON_NAME = AppIcon;
				CODE_SIGN_IDENTITY = "iPhone Developer";
				"CODE_SIGN_IDENTITY[sdk=iphoneos*]" = "iPhone Developer";
				INFOPLIST_FILE = TrainingApp1/Info.plist;
				IPHONEOS_DEPLOYMENT_TARGET = 8.0;
				LD_RUNPATH_SEARCH_PATHS = "$(inherited) @executable_path/Frameworks";
				PRODUCT_BUNDLE_IDENTIFIER = net.awpspace.training.TrainingApp1;
				PRODUCT_NAME = "$(TARGET_NAME)";
				PROVISIONING_PROFILE = "";
				TARGETED_DEVICE_FAMILY = "1,2";
			};
			name = Debug;
		};
		40E2B4411CE854CA0007E82F /* Release */ = {
			isa = XCBuildConfiguration;
			buildSettings = {
				ASSETCATALOG_COMPILER_APPICON_NAME = AppIcon;
				CODE_SIGN_IDENTITY = "iPhone Developer";
				"CODE_SIGN_IDENTITY[sdk=iphoneos*]" = "iPhone Developer";
				INFOPLIST_FILE = TrainingApp1/Info.plist;
				IPHONEOS_DEPLOYMENT_TARGET = 8.0;
				LD_RUNPATH_SEARCH_PATHS = "$(inherited) @executable_path/Frameworks";
				PRODUCT_BUNDLE_IDENTIFIER = net.awpspace.training.TrainingApp1;
				PRODUCT_NAME = "$(TARGET_NAME)";
				PROVISIONING_PROFILE = "";
				TARGETED_DEVICE_FAMILY = "1,2";
			};
			name = Release;
		};
/* End XCBuildConfiguration section */

/* Begin XCConfigurationList section */
		40E2B4251CE854CA0007E82F /* Build configuration list for PBXProject "TrainingApp1" */ = {
			isa = XCConfigurationList;
			buildConfigurations = (
				40E2B43D1CE854CA0007E82F /* Debug */,
				40E2B43E1CE854CA0007E82F /* Release */,
			);
			defaultConfigurationIsVisible = 0;
			defaultConfigurationName = Release;
		};
		40E2B43F1CE854CA0007E82F /* Build configuration list for PBXNativeTarget "TrainingApp1" */ = {
			isa = XCConfigurationList;
			buildConfigurations = (
				40E2B4401CE854CA0007E82F /* Debug */,
				40E2B4411CE854CA0007E82F /* Release */,
			);
			defaultConfigurationIsVisible = 0;
			defaultConfigurationName = Release;
		};
/* End XCConfigurationList section */

/* Begin XCVersionGroup section */
		40E2B4341CE854CA0007E82F /* TrainingApp1.xcdatamodeld */ = {
			isa = XCVersionGroup;
			children = (
				40E2B4351CE854CA0007E82F /* TrainingApp1.xcdatamodel */,
			);
			currentVersion = 40E2B4351CE854CA0007E82F /* TrainingApp1.xcdatamodel */;
			path = TrainingApp1.xcdatamodeld;
			sourceTree = "<group>";
			versionGroupType = wrapper.xcdatamodel;
		};
/* End XCVersionGroup section */
	};
	rootObject = 40E2B4221CE854CA0007E82F /* Project object */;
}
